// !$*UTF8*$!
{
	archiveVersion = 1;
	classes = {
	};
	objectVersion = 50;
	objects = {

/* Begin PBXBuildFile section */
		CDA74BA7253F7ED400A0FB15 /* AppDelegate.swift in Sources */ = {isa = PBXBuildFile; fileRef = CDA74BA6253F7ED400A0FB15 /* AppDelegate.swift */; };
		CDA74BA9253F7ED400A0FB15 /* SceneDelegate.swift in Sources */ = {isa = PBXBuildFile; fileRef = CDA74BA8253F7ED400A0FB15 /* SceneDelegate.swift */; };
		CDA74BAB253F7ED400A0FB15 /* ViewController.swift in Sources */ = {isa = PBXBuildFile; fileRef = CDA74BAA253F7ED400A0FB15 /* ViewController.swift */; };
		CDA74BAE253F7ED400A0FB15 /* Main.storyboard in Resources */ = {isa = PBXBuildFile; fileRef = CDA74BAC253F7ED400A0FB15 /* Main.storyboard */; };
		CDA74BB0253F7ED500A0FB15 /* Assets.xcassets in Resources */ = {isa = PBXBuildFile; fileRef = CDA74BAF253F7ED500A0FB15 /* Assets.xcassets */; };
		CDA74BB3253F7ED500A0FB15 /* LaunchScreen.storyboard in Resources */ = {isa = PBXBuildFile; fileRef = CDA74BB1253F7ED500A0FB15 /* LaunchScreen.storyboard */; };
/* End PBXBuildFile section */

/* Begin PBXFileReference section */
		CDA74BA3253F7ED400A0FB15 /* GitHub2.app */ = {isa = PBXFileReference; explicitFileType = wrapper.application; includeInIndex = 0; path = GitHub2.app; sourceTree = BUILT_PRODUCTS_DIR; };
		CDA74BA6253F7ED400A0FB15 /* AppDelegate.swift */ = {isa = PBXFileReference; lastKnownFileType = sourcecode.swift; path = AppDelegate.swift; sourceTree = "<group>"; };
		CDA74BA8253F7ED400A0FB15 /* SceneDelegate.swift */ = {isa = PBXFileReference; lastKnownFileType = sourcecode.swift; path = SceneDelegate.swift; sourceTree = "<group>"; };
		CDA74BAA253F7ED400A0FB15 /* ViewController.swift */ = {isa = PBXFileReference; lastKnownFileType = sourcecode.swift; path = ViewController.swift; sourceTree = "<group>"; };
		CDA74BAD253F7ED400A0FB15 /* Base */ = {isa = PBXFileReference; lastKnownFileType = file.storyboard; name = Base; path = Base.lproj/Main.storyboard; sourceTree = "<group>"; };
		CDA74BAF253F7ED500A0FB15 /* Assets.xcassets */ = {isa = PBXFileReference; lastKnownFileType = folder.assetcatalog; path = Assets.xcassets; sourceTree = "<group>"; };
		CDA74BB2253F7ED500A0FB15 /* Base */ = {isa = PBXFileReference; lastKnownFileType = file.storyboard; name = Base; path = Base.lproj/LaunchScreen.storyboard; sourceTree = "<group>"; };
		CDA74BB4253F7ED500A0FB15 /* Info.plist */ = {isa = PBXFileReference; lastKnownFileType = text.plist.xml; path = Info.plist; sourceTree = "<group>"; };
/* End PBXFileReference section */

/* Begin PBXFrameworksBuildPhase section */
		CDA74BA0253F7ED400A0FB15 /* Frameworks */ = {
			isa = PBXFrameworksBuildPhase;
			buildActionMask = 2147483647;
			files = (
			);
			runOnlyForDeploymentPostprocessing = 0;
		};
/* End PBXFrameworksBuildPhase section */

/* Begin PBXGroup section */
		CDA74B9A253F7ED400A0FB15 = {
			isa = PBXGroup;
			children = (
				CDA74BA5253F7ED400A0FB15 /* GitHub2 */,
				CDA74BA4253F7ED400A0FB15 /* Products */,
			);
			sourceTree = "<group>";
		};
		CDA74BA4253F7ED400A0FB15 /* Products */ = {
			isa = PBXGroup;
			children = (
				CDA74BA3253F7ED400A0FB15 /* GitHub2.app */,
			);
			name = Products;
			sourceTree = "<group>";
		};
		CDA74BA5253F7ED400A0FB15 /* GitHub2 */ = {
			isa = PBXGroup;
			children = (
				CDA74BA6253F7ED400A0FB15 /* AppDelegate.swift */,
				CDA74BA8253F7ED400A0FB15 /* SceneDelegate.swift */,
				CDA74BAA253F7ED400A0FB15 /* ViewController.swift */,
				CDA74BAC253F7ED400A0FB15 /* Main.storyboard */,
				CDA74BAF253F7ED500A0FB15 /* Assets.xcassets */,
				CDA74BB1253F7ED500A0FB15 /* LaunchScreen.storyboard */,
				CDA74BB4253F7ED500A0FB15 /* Info.plist */,
			);
			path = GitHub2;
			sourceTree = "<group>";
		};
/* End PBXGroup section */

/* Begin PBXNativeTarget section */
		CDA74BA2253F7ED400A0FB15 /* GitHub2 */ = {
			isa = PBXNativeTarget;
			buildConfigurationList = CDA74BB7253F7ED500A0FB15 /* Build configuration list for PBXNativeTarget "GitHub2" */;
			buildPhases = (
				CDA74B9F253F7ED400A0FB15 /* Sources */,
				CDA74BA0253F7ED400A0FB15 /* Frameworks */,
				CDA74BA1253F7ED400A0FB15 /* Resources */,
			);
			buildRules = (
			);
			dependencies = (
			);
			name = GitHub2;
			productName = GitHub2;
			productReference = CDA74BA3253F7ED400A0FB15 /* GitHub2.app */;
			productType = "com.apple.product-type.application";
		};
/* End PBXNativeTarget section */

/* Begin PBXProject section */
		CDA74B9B253F7ED400A0FB15 /* Project object */ = {
			isa = PBXProject;
			attributes = {
				LastSwiftUpdateCheck = 1130;
				LastUpgradeCheck = 1130;
				ORGANIZATIONNAME = user182426;
				TargetAttributes = {
					CDA74BA2253F7ED400A0FB15 = {
						CreatedOnToolsVersion = 11.3.1;
					};
				};
			};
			buildConfigurationList = CDA74B9E253F7ED400A0FB15 /* Build configuration list for PBXProject "GitHub2" */;
			compatibilityVersion = "Xcode 9.3";
			developmentRegion = en;
			hasScannedForEncodings = 0;
			knownRegions = (
				en,
				Base,
			);
			mainGroup = CDA74B9A253F7ED400A0FB15;
			productRefGroup = CDA74BA4253F7ED400A0FB15 /* Products */;
			projectDirPath = "";
			projectRoot = "";
			targets = (
				CDA74BA2253F7ED400A0FB15 /* GitHub2 */,
			);
		};
/* End PBXProject section */

/* Begin PBXResourcesBuildPhase section */
		CDA74BA1253F7ED400A0FB15 /* Resources */ = {
			isa = PBXResourcesBuildPhase;
			buildActionMask = 2147483647;
			files = (
				CDA74BB3253F7ED500A0FB15 /* LaunchScreen.storyboard in Resources */,
				CDA74BB0253F7ED500A0FB15 /* Assets.xcassets in Resources */,
				CDA74BAE253F7ED400A0FB15 /* Main.storyboard in Resources */,
			);
			runOnlyForDeploymentPostprocessing = 0;
		};
/* End PBXResourcesBuildPhase section */

/* Begin PBXSourcesBuildPhase section */
		CDA74B9F253F7ED400A0FB15 /* Sources */ = {
			isa = PBXSourcesBuildPhase;
			buildActionMask = 2147483647;
			files = (
				CDA74BAB253F7ED400A0FB15 /* ViewController.swift in Sources */,
				CDA74BA7253F7ED400A0FB15 /* AppDelegate.swift in Sources */,
				CDA74BA9253F7ED400A0FB15 /* SceneDelegate.swift in Sources */,
			);
			runOnlyForDeploymentPostprocessing = 0;
		};
/* End PBXSourcesBuildPhase section */

/* Begin PBXVariantGroup section */
		CDA74BAC253F7ED400A0FB15 /* Main.storyboard */ = {
			isa = PBXVariantGroup;
			children = (
				CDA74BAD253F7ED400A0FB15 /* Base */,
			);
			name = Main.storyboard;
			sourceTree = "<group>";
		};
		CDA74BB1253F7ED500A0FB15 /* LaunchScreen.storyboard */ = {
			isa = PBXVariantGroup;
			children = (
				CDA74BB2253F7ED500A0FB15 /* Base */,
			);
			name = LaunchScreen.storyboard;
			sourceTree = "<group>";
		};
/* End PBXVariantGroup section */

/* Begin XCBuildConfiguration section */
		CDA74BB5253F7ED500A0FB15 /* Debug */ = {
			isa = XCBuildConfiguration;
			buildSettings = {
				ALWAYS_SEARCH_USER_PATHS = NO;
				CLANG_ANALYZER_NONNULL = YES;
				CLANG_ANALYZER_NUMBER_OBJECT_CONVERSION = YES_AGGRESSIVE;
				CLANG_CXX_LANGUAGE_STANDARD = "gnu++14";
				CLANG_CXX_LIBRARY = "libc++";
				CLANG_ENABLE_MODULES = YES;
				CLANG_ENABLE_OBJC_ARC = YES;
				CLANG_ENABLE_OBJC_WEAK = YES;
				CLANG_WARN_BLOCK_CAPTURE_AUTORELEASING = YES;
				CLANG_WARN_BOOL_CONVERSION = YES;
				CLANG_WARN_COMMA = YES;
				CLANG_WARN_CONSTANT_CONVERSION = YES;
				CLANG_WARN_DEPRECATED_OBJC_IMPLEMENTATIONS = YES;
				CLANG_WARN_DIRECT_OBJC_ISA_USAGE = YES_ERROR;
				CLANG_WARN_DOCUMENTATION_COMMENTS = YES;
				CLANG_WARN_EMPTY_BODY = YES;
				CLANG_WARN_ENUM_CONVERSION = YES;
				CLANG_WARN_INFINITE_RECURSION = YES;
				CLANG_WARN_INT_CONVERSION = YES;
				CLANG_WARN_NON_LITERAL_NULL_CONVERSION = YES;
				CLANG_WARN_OBJC_IMPLICIT_RETAIN_SELF = YES;
				CLANG_WARN_OBJC_LITERAL_CONVERSION = YES;
				CLANG_WARN_OBJC_ROOT_CLASS = YES_ERROR;
				CLANG_WARN_RANGE_LOOP_ANALYSIS = YES;
				CLANG_WARN_STRICT_PROTOTYPES = YES;
				CLANG_WARN_SUSPICIOUS_MOVE = YES;
				CLANG_WARN_UNGUARDED_AVAILABILITY = YES_AGGRESSIVE;
				CLANG_WARN_UNREACHABLE_CODE = YES;
				CLANG_WARN__DUPLICATE_METHOD_MATCH = YES;
				COPY_PHASE_STRIP = NO;
				DEBUG_INFORMATION_FORMAT = dwarf;
				ENABLE_STRICT_OBJC_MSGSEND = YES;
				ENABLE_TESTABILITY = YES;
				GCC_C_LANGUAGE_STANDARD = gnu11;
				GCC_DYNAMIC_NO_PIC = NO;
				GCC_NO_COMMON_BLOCKS = YES;
				GCC_OPTIMIZATION_LEVEL = 0;
				GCC_PREPROCESSOR_DEFINITIONS = (
					"DEBUG=1",
					"$(inherited)",
				);
				GCC_WARN_64_TO_32_BIT_CONVERSION = YES;
				GCC_WARN_ABOUT_RETURN_TYPE = YES_ERROR;
				GCC_WARN_UNDECLARED_SELECTOR = YES;
				GCC_WARN_UNINITIALIZED_AUTOS = YES_AGGRESSIVE;
				GCC_WARN_UNUSED_FUNCTION = YES;
				GCC_WARN_UNUSED_VARIABLE = YES;
				IPHONEOS_DEPLOYMENT_TARGET = 13.2;
				MTL_ENABLE_DEBUG_INFO = INCLUDE_SOURCE;
				MTL_FAST_MATH = YES;
				ONLY_ACTIVE_ARCH = YES;
				SDKROOT = iphoneos;
				SWIFT_ACTIVE_COMPILATION_CONDITIONS = DEBUG;
				SWIFT_OPTIMIZATION_LEVEL = "-Onone";
			};
			name = Debug;
		};
		CDA74BB6253F7ED500A0FB15 /* Release */ = {
			isa = XCBuildConfiguration;
			buildSettings = {
				ALWAYS_SEARCH_USER_PATHS = NO;
				CLANG_ANALYZER_NONNULL = YES;
				CLANG_ANALYZER_NUMBER_OBJECT_CONVERSION = YES_AGGRESSIVE;
				CLANG_CXX_LANGUAGE_STANDARD = "gnu++14";
				CLANG_CXX_LIBRARY = "libc++";
				CLANG_ENABLE_MODULES = YES;
				CLANG_ENABLE_OBJC_ARC = YES;
				CLANG_ENABLE_OBJC_WEAK = YES;
				CLANG_WARN_BLOCK_CAPTURE_AUTORELEASING = YES;
				CLANG_WARN_BOOL_CONVERSION = YES;
				CLANG_WARN_COMMA = YES;
				CLANG_WARN_CONSTANT_CONVERSION = YES;
				CLANG_WARN_DEPRECATED_OBJC_IMPLEMENTATIONS = YES;
				CLANG_WARN_DIRECT_OBJC_ISA_USAGE = YES_ERROR;
				CLANG_WARN_DOCUMENTATION_COMMENTS = YES;
				CLANG_WARN_EMPTY_BODY = YES;
				CLANG_WARN_ENUM_CONVERSION = YES;
				CLANG_WARN_INFINITE_RECURSION = YES;
				CLANG_WARN_INT_CONVERSION = YES;
				CLANG_WARN_NON_LITERAL_NULL_CONVERSION = YES;
				CLANG_WARN_OBJC_IMPLICIT_RETAIN_SELF = YES;
				CLANG_WARN_OBJC_LITERAL_CONVERSION = YES;
				CLANG_WARN_OBJC_ROOT_CLASS = YES_ERROR;
				CLANG_WARN_RANGE_LOOP_ANALYSIS = YES;
				CLANG_WARN_STRICT_PROTOTYPES = YES;
				CLANG_WARN_SUSPICIOUS_MOVE = YES;
				CLANG_WARN_UNGUARDED_AVAILABILITY = YES_AGGRESSIVE;
				CLANG_WARN_UNREACHABLE_CODE = YES;
				CLANG_WARN__DUPLICATE_METHOD_MATCH = YES;
				COPY_PHASE_STRIP = NO;
				DEBUG_INFORMATION_FORMAT = "dwarf-with-dsym";
				ENABLE_NS_ASSERTIONS = NO;
				ENABLE_STRICT_OBJC_MSGSEND = YES;
				GCC_C_LANGUAGE_STANDARD = gnu11;
				GCC_NO_COMMON_BLOCKS = YES;
				GCC_WARN_64_TO_32_BIT_CONVERSION = YES;
				GCC_WARN_ABOUT_RETURN_TYPE = YES_ERROR;
				GCC_WARN_UNDECLARED_SELECTOR = YES;
				GCC_WARN_UNINITIALIZED_AUTOS = YES_AGGRESSIVE;
				GCC_WARN_UNUSED_FUNCTION = YES;
				GCC_WARN_UNUSED_VARIABLE = YES;
				IPHONEOS_DEPLOYMENT_TARGET = 13.2;
				MTL_ENABLE_DEBUG_INFO = NO;
				MTL_FAST_MATH = YES;
				SDKROOT = iphoneos;
				SWIFT_COMPILATION_MODE = wholemodule;
				SWIFT_OPTIMIZATION_LEVEL = "-O";
				VALIDATE_PRODUCT = YES;
			};
			name = Release;
		};
		CDA74BB8253F7ED500A0FB15 /* Debug */ = {
			isa = XCBuildConfiguration;
			buildSettings = {
				ASSETCATALOG_COMPILER_APPICON_NAME = AppIcon;
				CODE_SIGN_STYLE = Automatic;
				INFOPLIST_FILE = GitHub2/Info.plist;
				LD_RUNPATH_SEARCH_PATHS = (
					"$(inherited)",
					"@executable_path/Frameworks",
				);
				PRODUCT_BUNDLE_IDENTIFIER = org.d214.jhhs.GitHub2;
				PRODUCT_NAME = "$(TARGET_NAME)";
				SWIFT_VERSION = 5.0;
				TARGETED_DEVICE_FAMILY = "1,2";
			};
			name = Debug;
		};
		CDA74BB9253F7ED500A0FB15 /* Release */ = {
			isa = XCBuildConfiguration;
			buildSettings = {
				ASSETCATALOG_COMPILER_APPICON_NAME = AppIcon;
				CODE_SIGN_STYLE = Automatic;
				INFOPLIST_FILE = GitHub2/Info.plist;
				LD_RUNPATH_SEARCH_PATHS = (
					"$(inherited)",
					"@executable_path/Frameworks",
				);
				PRODUCT_BUNDLE_IDENTIFIER = org.d214.jhhs.GitHub2;
				PRODUCT_NAME = "$(TARGET_NAME)";
				SWIFT_VERSION = 5.0;
				TARGETED_DEVICE_FAMILY = "1,2";
			};
			name = Release;
		};
/* End XCBuildConfiguration section */

/* Begin XCConfigurationList section */
		CDA74B9E253F7ED400A0FB15 /* Build configuration list for PBXProject "GitHub2" */ = {
			isa = XCConfigurationList;
			buildConfigurations = (
				CDA74BB5253F7ED500A0FB15 /* Debug */,
				CDA74BB6253F7ED500A0FB15 /* Release */,
			);
			defaultConfigurationIsVisible = 0;
			defaultConfigurationName = Release;
		};
		CDA74BB7253F7ED500A0FB15 /* Build configuration list for PBXNativeTarget "GitHub2" */ = {
			isa = XCConfigurationList;
			buildConfigurations = (
				CDA74BB8253F7ED500A0FB15 /* Debug */,
				CDA74BB9253F7ED500A0FB15 /* Release */,
			);
			defaultConfigurationIsVisible = 0;
			defaultConfigurationName = Release;
		};
/* End XCConfigurationList section */
	};
	rootObject = CDA74B9B253F7ED400A0FB15 /* Project object */;
}
